{
  "version": "2",
  "remote": {
    "https://deno.land/std@0.192.0/fmt/colors.ts": "d67e3cd9f472535241a8e410d33423980bec45047e343577554d3356e1f0ef4e",
    "https://deno.land/std@0.192.0/testing/_diff.ts": "1a3c044aedf77647d6cac86b798c6417603361b66b54c53331b312caeb447aea",
    "https://deno.land/std@0.192.0/testing/_format.ts": "a69126e8a469009adf4cf2a50af889aca364c349797e63174884a52ff75cf4c7",
    "https://deno.land/std@0.192.0/testing/asserts.ts": "e16d98b4d73ffc4ed498d717307a12500ae4f2cbe668f1a215632d19fcffc22f",
    "https://deno.land/x/msgpack@v1.2/CachedKeyDecoder.ts": "c39b6f1572902ae08c0e4971f639e81031ac59403957fc43c6fb3c7fe69d99a1",
    "https://deno.land/x/msgpack@v1.2/Decoder.ts": "f27695c43360131ae46efc99a24185b36652a64660ec53a20d39fcfd2a6893cc",
    "https://deno.land/x/msgpack@v1.2/Encoder.ts": "0c05f58365560cd5417576244fe62c530e3b96361b0266ee21649318cb15f324",
    "https://deno.land/x/msgpack@v1.2/ExtData.ts": "8d97fe43568e119a1eeb93e1ef1c431e0a24e392fb0c6ffed775aac1e579f244",
    "https://deno.land/x/msgpack@v1.2/ExtensionCodec.ts": "e8a24eb1786156239f589cc3058c8ff3d79ed393f420c40fdf7a93df943c91f2",
    "https://deno.land/x/msgpack@v1.2/context.ts": "9768e51f75daefd2d2b8ca18ad3147dd34c710e9e924f2ac9cc8c5e4b810976d",
    "https://deno.land/x/msgpack@v1.2/decode.ts": "6625d70b0f5f1a89905e0ff5a56e1fe6e7171817983a6babe60faffd47a0be8e",
    "https://deno.land/x/msgpack@v1.2/decodeAsync.ts": "56e0d623196498d668bdbc865ed917536f7cf1291673ab686a6002cea01c74c4",
    "https://deno.land/x/msgpack@v1.2/encode.ts": "5a8f91acb1def71f41a14163e8d387ecc9b2ea12a6560690c7b8b392f3deb86f",
    "https://deno.land/x/msgpack@v1.2/mod.ts": "cc067c1d0287944aedc1bbabc6390e47ab36d5474f5aebe0113249b5a710c7bb",
    "https://deno.land/x/msgpack@v1.2/timestamp.ts": "5169949efe39bc24f58cd5dcaae682cdf5353c762a54abf9ae6e18c8d9feb648",
    "https://deno.land/x/msgpack@v1.2/utils/int.ts": "b08743982f954d2dd7f4f11d868019576b63cb8147d8acc1bce3843f39398188",
    "https://deno.land/x/msgpack@v1.2/utils/prettyByte.ts": "35c8104d57ba2a727056beaf1063bbe941d512cdd23ce6b04d7c5b44dafcd46e",
    "https://deno.land/x/msgpack@v1.2/utils/stream.ts": "b130db01ccad59f3ae6768f7253b23429ef37b62fe047138922bc32606db27e9",
    "https://deno.land/x/msgpack@v1.2/utils/typedArrays.ts": "bb819c2f28cf7f85ed50b2e57f108462715555cc61ce315e8134cf1eef2ae662",
    "https://deno.land/x/msgpack@v1.2/utils/utf8.ts": "d38c0f3c05072e21e6067402cd196052757cc06a7e3ace0bdeb0511e75e2dd53"
  }
}
